// !$*UTF8*$!
{
	archiveVersion = 1;
	classes = {
	};
	objectVersion = 46;
	objects = {

/* Begin PBXBuildFile section */
		6D57D8C8146568280073540F /* Cocoa.framework in Frameworks */ = {isa = PBXBuildFile; fileRef = 6D57D8C7146568280073540F /* Cocoa.framework */; };
		6D57D8D2146568280073540F /* InfoPlist.strings in Resources */ = {isa = PBXBuildFile; fileRef = 6D57D8D0146568280073540F /* InfoPlist.strings */; };
		6D57D8D4146568280073540F /* main.m in Sources */ = {isa = PBXBuildFile; fileRef = 6D57D8D3146568280073540F /* main.m */; };
		6D57D8D8146568280073540F /* Credits.rtf in Resources */ = {isa = PBXBuildFile; fileRef = 6D57D8D6146568280073540F /* Credits.rtf */; };
		6D57D8DB146568280073540F /* TFFAppDelegate.m in Sources */ = {isa = PBXBuildFile; fileRef = 6D57D8DA146568280073540F /* TFFAppDelegate.m */; };
		6D57D8DE146568280073540F /* MainMenu.xib in Resources */ = {isa = PBXBuildFile; fileRef = 6D57D8DC146568280073540F /* MainMenu.xib */; };
		6D57D8F114657E840073540F /* NuMongoDB.framework in Frameworks */ = {isa = PBXBuildFile; fileRef = 6D57D8F014657E840073540F /* NuMongoDB.framework */; };
		6D57D906146584700073540F /* base64.cpp in Sources */ = {isa = PBXBuildFile; fileRef = 6D57D8FA146584700073540F /* base64.cpp */; };
		6D57D907146584700073540F /* HMAC_SHA1.cpp in Sources */ = {isa = PBXBuildFile; fileRef = 6D57D8FC146584700073540F /* HMAC_SHA1.cpp */; };
		6D57D908146584700073540F /* oauthlib.cpp in Sources */ = {isa = PBXBuildFile; fileRef = 6D57D8FE146584700073540F /* oauthlib.cpp */; };
		6D57D909146584700073540F /* SHA1.cpp in Sources */ = {isa = PBXBuildFile; fileRef = 6D57D900146584700073540F /* SHA1.cpp */; };
		6D57D90A146584700073540F /* twitcurl.cpp in Sources */ = {isa = PBXBuildFile; fileRef = 6D57D902146584700073540F /* twitcurl.cpp */; };
		6D57D90B146584700073540F /* urlencode.cpp in Sources */ = {isa = PBXBuildFile; fileRef = 6D57D904146584700073540F /* urlencode.cpp */; };
		6D57D90D14658C130073540F /* libcurl.dylib in Frameworks */ = {isa = PBXBuildFile; fileRef = 6D57D90C14658C130073540F /* libcurl.dylib */; };
		6D57D91214658E530073540F /* TwitterInformationResaiver.mm in Sources */ = {isa = PBXBuildFile; fileRef = 6D57D91114658E530073540F /* TwitterInformationResaiver.mm */; };
/* End PBXBuildFile section */

/* Begin PBXFileReference section */
		6D57D8C3146568280073540F /* TwitterFriendsFinder.app */ = {isa = PBXFileReference; explicitFileType = wrapper.application; includeInIndex = 0; path = TwitterFriendsFinder.app; sourceTree = BUILT_PRODUCTS_DIR; };
		6D57D8C7146568280073540F /* Cocoa.framework */ = {isa = PBXFileReference; lastKnownFileType = wrapper.framework; name = Cocoa.framework; path = System/Library/Frameworks/Cocoa.framework; sourceTree = SDKROOT; };
		6D57D8CA146568280073540F /* AppKit.framework */ = {isa = PBXFileReference; lastKnownFileType = wrapper.framework; name = AppKit.framework; path = System/Library/Frameworks/AppKit.framework; sourceTree = SDKROOT; };
		6D57D8CB146568280073540F /* CoreData.framework */ = {isa = PBXFileReference; lastKnownFileType = wrapper.framework; name = CoreData.framework; path = System/Library/Frameworks/CoreData.framework; sourceTree = SDKROOT; };
		6D57D8CC146568280073540F /* Foundation.framework */ = {isa = PBXFileReference; lastKnownFileType = wrapper.framework; name = Foundation.framework; path = System/Library/Frameworks/Foundation.framework; sourceTree = SDKROOT; };
		6D57D8CF146568280073540F /* TwitterFriendsFinder-Info.plist */ = {isa = PBXFileReference; lastKnownFileType = text.plist.xml; path = "TwitterFriendsFinder-Info.plist"; sourceTree = "<group>"; };
		6D57D8D1146568280073540F /* en */ = {isa = PBXFileReference; lastKnownFileType = text.plist.strings; name = en; path = en.lproj/InfoPlist.strings; sourceTree = "<group>"; };
		6D57D8D3146568280073540F /* main.m */ = {isa = PBXFileReference; lastKnownFileType = sourcecode.c.objc; path = main.m; sourceTree = "<group>"; };
		6D57D8D5146568280073540F /* TwitterFriendsFinder-Prefix.pch */ = {isa = PBXFileReference; lastKnownFileType = sourcecode.c.h; path = "TwitterFriendsFinder-Prefix.pch"; sourceTree = "<group>"; };
		6D57D8D7146568280073540F /* en */ = {isa = PBXFileReference; lastKnownFileType = text.rtf; name = en; path = en.lproj/Credits.rtf; sourceTree = "<group>"; };
		6D57D8D9146568280073540F /* TFFAppDelegate.h */ = {isa = PBXFileReference; lastKnownFileType = sourcecode.c.h; path = TFFAppDelegate.h; sourceTree = "<group>"; };
		6D57D8DA146568280073540F /* TFFAppDelegate.m */ = {isa = PBXFileReference; lastKnownFileType = sourcecode.c.objc; path = TFFAppDelegate.m; sourceTree = "<group>"; };
		6D57D8DD146568280073540F /* en */ = {isa = PBXFileReference; lastKnownFileType = file.xib; name = en; path = en.lproj/MainMenu.xib; sourceTree = "<group>"; };
		6D57D8F014657E840073540F /* NuMongoDB.framework */ = {isa = PBXFileReference; lastKnownFileType = wrapper.framework; name = NuMongoDB.framework; path = TwitterFriendsFinder/Frameworks/NuMongoDB.framework; sourceTree = "<group>"; };
		6D57D8FA146584700073540F /* base64.cpp */ = {isa = PBXFileReference; fileEncoding = 4; lastKnownFileType = sourcecode.cpp.cpp; name = base64.cpp; path = twittercurl/base64.cpp; sourceTree = "<group>"; };
		6D57D8FB146584700073540F /* base64.h */ = {isa = PBXFileReference; fileEncoding = 4; lastKnownFileType = sourcecode.c.h; name = base64.h; path = twittercurl/base64.h; sourceTree = "<group>"; };
		6D57D8FC146584700073540F /* HMAC_SHA1.cpp */ = {isa = PBXFileReference; fileEncoding = 4; lastKnownFileType = sourcecode.cpp.cpp; name = HMAC_SHA1.cpp; path = twittercurl/HMAC_SHA1.cpp; sourceTree = "<group>"; };
		6D57D8FD146584700073540F /* HMAC_SHA1.h */ = {isa = PBXFileReference; fileEncoding = 4; lastKnownFileType = sourcecode.c.h; name = HMAC_SHA1.h; path = twittercurl/HMAC_SHA1.h; sourceTree = "<group>"; };
		6D57D8FE146584700073540F /* oauthlib.cpp */ = {isa = PBXFileReference; fileEncoding = 4; lastKnownFileType = sourcecode.cpp.cpp; name = oauthlib.cpp; path = twittercurl/oauthlib.cpp; sourceTree = "<group>"; };
		6D57D8FF146584700073540F /* oauthlib.h */ = {isa = PBXFileReference; fileEncoding = 4; lastKnownFileType = sourcecode.c.h; name = oauthlib.h; path = twittercurl/oauthlib.h; sourceTree = "<group>"; };
		6D57D900146584700073540F /* SHA1.cpp */ = {isa = PBXFileReference; fileEncoding = 4; lastKnownFileType = sourcecode.cpp.cpp; name = SHA1.cpp; path = twittercurl/SHA1.cpp; sourceTree = "<group>"; };
		6D57D901146584700073540F /* SHA1.h */ = {isa = PBXFileReference; fileEncoding = 4; lastKnownFileType = sourcecode.c.h; name = SHA1.h; path = twittercurl/SHA1.h; sourceTree = "<group>"; };
		6D57D902146584700073540F /* twitcurl.cpp */ = {isa = PBXFileReference; fileEncoding = 4; lastKnownFileType = sourcecode.cpp.cpp; name = twitcurl.cpp; path = twittercurl/twitcurl.cpp; sourceTree = "<group>"; };
		6D57D903146584700073540F /* twitcurl.h */ = {isa = PBXFileReference; fileEncoding = 4; lastKnownFileType = sourcecode.c.h; name = twitcurl.h; path = twittercurl/twitcurl.h; sourceTree = "<group>"; };
		6D57D904146584700073540F /* urlencode.cpp */ = {isa = PBXFileReference; fileEncoding = 4; lastKnownFileType = sourcecode.cpp.cpp; name = urlencode.cpp; path = twittercurl/urlencode.cpp; sourceTree = "<group>"; };
		6D57D905146584700073540F /* urlencode.h */ = {isa = PBXFileReference; fileEncoding = 4; lastKnownFileType = sourcecode.c.h; name = urlencode.h; path = twittercurl/urlencode.h; sourceTree = "<group>"; };
		6D57D90C14658C130073540F /* libcurl.dylib */ = {isa = PBXFileReference; lastKnownFileType = "compiled.mach-o.dylib"; name = libcurl.dylib; path = usr/lib/libcurl.dylib; sourceTree = SDKROOT; };
		6D57D90E14658C510073540F /* CommonDefines.h */ = {isa = PBXFileReference; fileEncoding = 4; lastKnownFileType = sourcecode.c.h; path = CommonDefines.h; sourceTree = "<group>"; };
		6D57D91014658E530073540F /* TwitterInformationResaiver.h */ = {isa = PBXFileReference; fileEncoding = 4; lastKnownFileType = sourcecode.c.h; path = TwitterInformationResaiver.h; sourceTree = "<group>"; };
		6D57D91114658E530073540F /* TwitterInformationResaiver.mm */ = {isa = PBXFileReference; fileEncoding = 4; lastKnownFileType = sourcecode.cpp.objcpp; path = TwitterInformationResaiver.mm; sourceTree = "<group>"; };
/* End PBXFileReference section */

/* Begin PBXFrameworksBuildPhase section */
		6D57D8C0146568280073540F /* Frameworks */ = {
			isa = PBXFrameworksBuildPhase;
			buildActionMask = 2147483647;
			files = (
				6D57D90D14658C130073540F /* libcurl.dylib in Frameworks */,
				6D57D8F114657E840073540F /* NuMongoDB.framework in Frameworks */,
				6D57D8C8146568280073540F /* Cocoa.framework in Frameworks */,
			);
			runOnlyForDeploymentPostprocessing = 0;
		};
/* End PBXFrameworksBuildPhase section */

/* Begin PBXGroup section */
		6D57D8B8146568270073540F = {
			isa = PBXGroup;
			children = (
				6D57D90C14658C130073540F /* libcurl.dylib */,
				6D57D8CD146568280073540F /* TwitterFriendsFinder */,
				6D57D8C6146568280073540F /* Frameworks */,
				6D57D8C4146568280073540F /* Products */,
			);
			sourceTree = "<group>";
		};
		6D57D8C4146568280073540F /* Products */ = {
			isa = PBXGroup;
			children = (
				6D57D8C3146568280073540F /* TwitterFriendsFinder.app */,
			);
			name = Products;
			sourceTree = "<group>";
		};
		6D57D8C6146568280073540F /* Frameworks */ = {
			isa = PBXGroup;
			children = (
				6D57D8F014657E840073540F /* NuMongoDB.framework */,
				6D57D8C7146568280073540F /* Cocoa.framework */,
				6D57D8C9146568280073540F /* Other Frameworks */,
			);
			name = Frameworks;
			sourceTree = "<group>";
		};
		6D57D8C9146568280073540F /* Other Frameworks */ = {
			isa = PBXGroup;
			children = (
				6D57D8CA146568280073540F /* AppKit.framework */,
				6D57D8CB146568280073540F /* CoreData.framework */,
				6D57D8CC146568280073540F /* Foundation.framework */,
			);
			name = "Other Frameworks";
			sourceTree = "<group>";
		};
		6D57D8CD146568280073540F /* TwitterFriendsFinder */ = {
			isa = PBXGroup;
			children = (
				6D57D90F14658E040073540F /* TwitterCommunication */,
				6D57D8F91465845C0073540F /* twittercurl */,
				6D57D8D9146568280073540F /* TFFAppDelegate.h */,
				6D57D8DA146568280073540F /* TFFAppDelegate.m */,
				6D57D8DC146568280073540F /* MainMenu.xib */,
				6D57D8CE146568280073540F /* Supporting Files */,
			);
			path = TwitterFriendsFinder;
			sourceTree = "<group>";
		};
		6D57D8CE146568280073540F /* Supporting Files */ = {
			isa = PBXGroup;
			children = (
				6D57D90E14658C510073540F /* CommonDefines.h */,
				6D57D8CF146568280073540F /* TwitterFriendsFinder-Info.plist */,
				6D57D8D0146568280073540F /* InfoPlist.strings */,
				6D57D8D3146568280073540F /* main.m */,
				6D57D8D5146568280073540F /* TwitterFriendsFinder-Prefix.pch */,
				6D57D8D6146568280073540F /* Credits.rtf */,
			);
			name = "Supporting Files";
			sourceTree = "<group>";
		};
		6D57D8F91465845C0073540F /* twittercurl */ = {
			isa = PBXGroup;
			children = (
				6D57D8FA146584700073540F /* base64.cpp */,
				6D57D8FB146584700073540F /* base64.h */,
				6D57D8FC146584700073540F /* HMAC_SHA1.cpp */,
				6D57D8FD146584700073540F /* HMAC_SHA1.h */,
				6D57D8FE146584700073540F /* oauthlib.cpp */,
				6D57D8FF146584700073540F /* oauthlib.h */,
				6D57D900146584700073540F /* SHA1.cpp */,
				6D57D901146584700073540F /* SHA1.h */,
				6D57D902146584700073540F /* twitcurl.cpp */,
				6D57D903146584700073540F /* twitcurl.h */,
				6D57D904146584700073540F /* urlencode.cpp */,
				6D57D905146584700073540F /* urlencode.h */,
			);
			name = twittercurl;
			sourceTree = "<group>";
		};
		6D57D90F14658E040073540F /* TwitterCommunication */ = {
			isa = PBXGroup;
			children = (
				6D57D91014658E530073540F /* TwitterInformationResaiver.h */,
				6D57D91114658E530073540F /* TwitterInformationResaiver.mm */,
			);
			name = TwitterCommunication;
			sourceTree = "<group>";
		};
/* End PBXGroup section */

/* Begin PBXNativeTarget section */
		6D57D8C2146568280073540F /* TwitterFriendsFinder */ = {
			isa = PBXNativeTarget;
			buildConfigurationList = 6D57D8E1146568280073540F /* Build configuration list for PBXNativeTarget "TwitterFriendsFinder" */;
			buildPhases = (
				6D57D8BF146568280073540F /* Sources */,
				6D57D8C0146568280073540F /* Frameworks */,
				6D57D8C1146568280073540F /* Resources */,
			);
			buildRules = (
			);
			dependencies = (
			);
			name = TwitterFriendsFinder;
			productName = TwitterFriendsFinder;
			productReference = 6D57D8C3146568280073540F /* TwitterFriendsFinder.app */;
			productType = "com.apple.product-type.application";
		};
/* End PBXNativeTarget section */

/* Begin PBXProject section */
		6D57D8BA146568270073540F /* Project object */ = {
			isa = PBXProject;
			attributes = {
				LastUpgradeCheck = 0420;
				ORGANIZATIONNAME = romanuk.org.ua;
			};
			buildConfigurationList = 6D57D8BD146568270073540F /* Build configuration list for PBXProject "TwitterFriendsFinder" */;
			compatibilityVersion = "Xcode 3.2";
			developmentRegion = English;
			hasScannedForEncodings = 0;
			knownRegions = (
				en,
			);
			mainGroup = 6D57D8B8146568270073540F;
			productRefGroup = 6D57D8C4146568280073540F /* Products */;
			projectDirPath = "";
			projectRoot = "";
			targets = (
				6D57D8C2146568280073540F /* TwitterFriendsFinder */,
			);
		};
/* End PBXProject section */

/* Begin PBXResourcesBuildPhase section */
		6D57D8C1146568280073540F /* Resources */ = {
			isa = PBXResourcesBuildPhase;
			buildActionMask = 2147483647;
			files = (
				6D57D8D2146568280073540F /* InfoPlist.strings in Resources */,
				6D57D8D8146568280073540F /* Credits.rtf in Resources */,
				6D57D8DE146568280073540F /* MainMenu.xib in Resources */,
			);
			runOnlyForDeploymentPostprocessing = 0;
		};
/* End PBXResourcesBuildPhase section */

/* Begin PBXSourcesBuildPhase section */
		6D57D8BF146568280073540F /* Sources */ = {
			isa = PBXSourcesBuildPhase;
			buildActionMask = 2147483647;
			files = (
				6D57D8D4146568280073540F /* main.m in Sources */,
				6D57D8DB146568280073540F /* TFFAppDelegate.m in Sources */,
				6D57D906146584700073540F /* base64.cpp in Sources */,
				6D57D907146584700073540F /* HMAC_SHA1.cpp in Sources */,
				6D57D908146584700073540F /* oauthlib.cpp in Sources */,
				6D57D909146584700073540F /* SHA1.cpp in Sources */,
				6D57D90A146584700073540F /* twitcurl.cpp in Sources */,
				6D57D90B146584700073540F /* urlencode.cpp in Sources */,
				6D57D91214658E530073540F /* TwitterInformationResaiver.mm in Sources */,
			);
			runOnlyForDeploymentPostprocessing = 0;
		};
/* End PBXSourcesBuildPhase section */

/* Begin PBXVariantGroup section */
		6D57D8D0146568280073540F /* InfoPlist.strings */ = {
			isa = PBXVariantGroup;
			children = (
				6D57D8D1146568280073540F /* en */,
			);
			name = InfoPlist.strings;
			sourceTree = "<group>";
		};
		6D57D8D6146568280073540F /* Credits.rtf */ = {
			isa = PBXVariantGroup;
			children = (
				6D57D8D7146568280073540F /* en */,
			);
			name = Credits.rtf;
			sourceTree = "<group>";
		};
		6D57D8DC146568280073540F /* MainMenu.xib */ = {
			isa = PBXVariantGroup;
			children = (
				6D57D8DD146568280073540F /* en */,
			);
			name = MainMenu.xib;
			sourceTree = "<group>";
		};
/* End PBXVariantGroup section */

/* Begin XCBuildConfiguration section */
		6D57D8DF146568280073540F /* Debug */ = {
			isa = XCBuildConfiguration;
			buildSettings = {
				ALWAYS_SEARCH_USER_PATHS = NO;
				ARCHS = "$(ARCHS_STANDARD_64_BIT)";
				CLANG_ENABLE_OBJC_ARC = YES;
				COPY_PHASE_STRIP = NO;
				GCC_C_LANGUAGE_STANDARD = gnu99;
				GCC_DYNAMIC_NO_PIC = NO;
				GCC_ENABLE_OBJC_EXCEPTIONS = YES;
				GCC_OPTIMIZATION_LEVEL = 0;
				GCC_PREPROCESSOR_DEFINITIONS = (
					"DEBUG=1",
					"$(inherited)",
				);
				GCC_SYMBOLS_PRIVATE_EXTERN = NO;
				GCC_VERSION = com.apple.compilers.llvm.clang.1_0;
				GCC_WARN_64_TO_32_BIT_CONVERSION = YES;
				GCC_WARN_ABOUT_MISSING_PROTOTYPES = YES;
				GCC_WARN_ABOUT_RETURN_TYPE = YES;
				GCC_WARN_UNUSED_VARIABLE = YES;
				MACOSX_DEPLOYMENT_TARGET = 10.7;
				ONLY_ACTIVE_ARCH = YES;
				SDKROOT = macosx;
			};
			name = Debug;
		};
		6D57D8E0146568280073540F /* Release */ = {
			isa = XCBuildConfiguration;
			buildSettings = {
				ALWAYS_SEARCH_USER_PATHS = NO;
				ARCHS = "$(ARCHS_STANDARD_64_BIT)";
				CLANG_ENABLE_OBJC_ARC = YES;
				COPY_PHASE_STRIP = YES;
				DEBUG_INFORMATION_FORMAT = "dwarf-with-dsym";
				GCC_C_LANGUAGE_STANDARD = gnu99;
				GCC_ENABLE_OBJC_EXCEPTIONS = YES;
				GCC_VERSION = com.apple.compilers.llvm.clang.1_0;
				GCC_WARN_64_TO_32_BIT_CONVERSION = YES;
				GCC_WARN_ABOUT_MISSING_PROTOTYPES = YES;
				GCC_WARN_ABOUT_RETURN_TYPE = YES;
				GCC_WARN_UNUSED_VARIABLE = YES;
				MACOSX_DEPLOYMENT_TARGET = 10.7;
				SDKROOT = macosx;
			};
			name = Release;
		};
		6D57D8E2146568280073540F /* Debug */ = {
			isa = XCBuildConfiguration;
			buildSettings = {
				FRAMEWORK_SEARCH_PATHS = (
					"$(inherited)",
					"\"$(SRCROOT)/TwitterFriendsFinder/Frameworks\"",
				);
				GCC_PRECOMPILE_PREFIX_HEADER = YES;
				GCC_PREFIX_HEADER = "TwitterFriendsFinder/TwitterFriendsFinder-Prefix.pch";
				INFOPLIST_FILE = "TwitterFriendsFinder/TwitterFriendsFinder-Info.plist";
				PRODUCT_NAME = "$(TARGET_NAME)";
				WRAPPER_EXTENSION = app;
			};
			name = Debug;
		};
		6D57D8E3146568280073540F /* Release */ = {
			isa = XCBuildConfiguration;
			buildSettings = {
				FRAMEWORK_SEARCH_PATHS = (
					"$(inherited)",
					"\"$(SRCROOT)/TwitterFriendsFinder/Frameworks\"",
				);
				GCC_PRECOMPILE_PREFIX_HEADER = YES;
				GCC_PREFIX_HEADER = "TwitterFriendsFinder/TwitterFriendsFinder-Prefix.pch";
				INFOPLIST_FILE = "TwitterFriendsFinder/TwitterFriendsFinder-Info.plist";
				PRODUCT_NAME = "$(TARGET_NAME)";
				WRAPPER_EXTENSION = app;
			};
			name = Release;
		};
/* End XCBuildConfiguration section */

/* Begin XCConfigurationList section */
		6D57D8BD146568270073540F /* Build configuration list for PBXProject "TwitterFriendsFinder" */ = {
			isa = XCConfigurationList;
			buildConfigurations = (
				6D57D8DF146568280073540F /* Debug */,
				6D57D8E0146568280073540F /* Release */,
			);
			defaultConfigurationIsVisible = 0;
			defaultConfigurationName = Release;
		};
		6D57D8E1146568280073540F /* Build configuration list for PBXNativeTarget "TwitterFriendsFinder" */ = {
			isa = XCConfigurationList;
			buildConfigurations = (
				6D57D8E2146568280073540F /* Debug */,
				6D57D8E3146568280073540F /* Release */,
			);
			defaultConfigurationIsVisible = 0;
		};
/* End XCConfigurationList section */
	};
	rootObject = 6D57D8BA146568270073540F /* Project object */;
}
